
Microsoft Visual Studio Solution File, Format Version 12.00
# Visual Studio 14
VisualStudioVersion = 14.0.25420.1
MinimumVisualStudioVersion = 10.0.40219.1
Project("{FAE04EC0-301F-11D3-BF4B-00C04F79EFBC}") = "YellowPagesWebApi", "YellowPagesWebApi\YellowPagesWebApi.csproj", "{D0DE1947-5691-481D-B090-B22035B714A7}"
EndProject
Project("{FAE04EC0-301F-11D3-BF4B-00C04F79EFBC}") = "YellowPagesDB", "YellowPagesDB\YellowPagesDB.csproj", "{EDD94363-62C2-4BB7-9129-25986C510836}"
EndProject
Project("{FAE04EC0-301F-11D3-BF4B-00C04F79EFBC}") = "YellowPages", "YellowPages\YellowPages.csproj", "{C017DB5F-3426-4903-8E65-632548333270}"
EndProject
Project("{FAE04EC0-301F-11D3-BF4B-00C04F79EFBC}") = "YellowpagesCustomer", "YellowpagesCustomer\YellowpagesCustomer.csproj", "{19E1DB85-6680-4BA8-98AA-3A1E6EA6BEDF}"
EndProject
Project("{FAE04EC0-301F-11D3-BF4B-00C04F79EFBC}") = "YellowPagesServices", "YellowPagesServices\YellowPagesServices.csproj", "{59FADC39-4DBC-45C2-A1E3-94355A5266A0}"
	ProjectSection(ProjectDependencies) = postProject
		{D0DE1947-5691-481D-B090-B22035B714A7} = {D0DE1947-5691-481D-B090-B22035B714A7}
	EndProjectSection
EndProject
Global
	GlobalSection(SolutionConfigurationPlatforms) = preSolution
		Ad-Hoc|Any CPU = Ad-Hoc|Any CPU
		Ad-Hoc|iPhone = Ad-Hoc|iPhone
		Ad-Hoc|iPhoneSimulator = Ad-Hoc|iPhoneSimulator
		AppStore|Any CPU = AppStore|Any CPU
		AppStore|iPhone = AppStore|iPhone
		AppStore|iPhoneSimulator = AppStore|iPhoneSimulator
		Debug|Any CPU = Debug|Any CPU
		Debug|iPhone = Debug|iPhone
		Debug|iPhoneSimulator = Debug|iPhoneSimulator
		Release|Any CPU = Release|Any CPU
		Release|iPhone = Release|iPhone
		Release|iPhoneSimulator = Release|iPhoneSimulator
	EndGlobalSection
	GlobalSection(ProjectConfigurationPlatforms) = postSolution
		{D0DE1947-5691-481D-B090-B22035B714A7}.Ad-Hoc|Any CPU.ActiveCfg = Release|Any CPU
		{D0DE1947-5691-481D-B090-B22035B714A7}.Ad-Hoc|Any CPU.Build.0 = Release|Any CPU
		{D0DE1947-5691-481D-B090-B22035B714A7}.Ad-Hoc|iPhone.ActiveCfg = Release|Any CPU
		{D0DE1947-5691-481D-B090-B22035B714A7}.Ad-Hoc|iPhone.Build.0 = Release|Any CPU
		{D0DE1947-5691-481D-B090-B22035B714A7}.Ad-Hoc|iPhoneSimulator.ActiveCfg = Release|Any CPU
		{D0DE1947-5691-481D-B090-B22035B714A7}.Ad-Hoc|iPhoneSimulator.Build.0 = Release|Any CPU
		{D0DE1947-5691-481D-B090-B22035B714A7}.AppStore|Any CPU.ActiveCfg = Release|Any CPU
		{D0DE1947-5691-481D-B090-B22035B714A7}.AppStore|Any CPU.Build.0 = Release|Any CPU
		{D0DE1947-5691-481D-B090-B22035B714A7}.AppStore|iPhone.ActiveCfg = Release|Any CPU
		{D0DE1947-5691-481D-B090-B22035B714A7}.AppStore|iPhone.Build.0 = Release|Any CPU
		{D0DE1947-5691-481D-B090-B22035B714A7}.AppStore|iPhoneSimulator.ActiveCfg = Release|Any CPU
		{D0DE1947-5691-481D-B090-B22035B714A7}.AppStore|iPhoneSimulator.Build.0 = Release|Any CPU
		{D0DE1947-5691-481D-B090-B22035B714A7}.Debug|Any CPU.ActiveCfg = Debug|Any CPU
		{D0DE1947-5691-481D-B090-B22035B714A7}.Debug|Any CPU.Build.0 = Debug|Any CPU
		{D0DE1947-5691-481D-B090-B22035B714A7}.Debug|iPhone.ActiveCfg = Debug|Any CPU
		{D0DE1947-5691-481D-B090-B22035B714A7}.Debug|iPhone.Build.0 = Debug|Any CPU
		{D0DE1947-5691-481D-B090-B22035B714A7}.Debug|iPhoneSimulator.ActiveCfg = Debug|Any CPU
		{D0DE1947-5691-481D-B090-B22035B714A7}.Debug|iPhoneSimulator.Build.0 = Debug|Any CPU
		{D0DE1947-5691-481D-B090-B22035B714A7}.Release|Any CPU.ActiveCfg = Release|Any CPU
		{D0DE1947-5691-481D-B090-B22035B714A7}.Release|Any CPU.Build.0 = Release|Any CPU
		{D0DE1947-5691-481D-B090-B22035B714A7}.Release|iPhone.ActiveCfg = Release|Any CPU
		{D0DE1947-5691-481D-B090-B22035B714A7}.Release|iPhone.Build.0 = Release|Any CPU
		{D0DE1947-5691-481D-B090-B22035B714A7}.Release|iPhoneSimulator.ActiveCfg = Release|Any CPU
		{D0DE1947-5691-481D-B090-B22035B714A7}.Release|iPhoneSimulator.Build.0 = Release|Any CPU
		{EDD94363-62C2-4BB7-9129-25986C510836}.Ad-Hoc|Any CPU.ActiveCfg = Release|Any CPU
		{EDD94363-62C2-4BB7-9129-25986C510836}.Ad-Hoc|Any CPU.Build.0 = Release|Any CPU
		{EDD94363-62C2-4BB7-9129-25986C510836}.Ad-Hoc|iPhone.ActiveCfg = Release|Any CPU
		{EDD94363-62C2-4BB7-9129-25986C510836}.Ad-Hoc|iPhone.Build.0 = Release|Any CPU
		{EDD94363-62C2-4BB7-9129-25986C510836}.Ad-Hoc|iPhoneSimulator.ActiveCfg = Release|Any CPU
		{EDD94363-62C2-4BB7-9129-25986C510836}.Ad-Hoc|iPhoneSimulator.Build.0 = Release|Any CPU
		{EDD94363-62C2-4BB7-9129-25986C510836}.AppStore|Any CPU.ActiveCfg = Release|Any CPU
		{EDD94363-62C2-4BB7-9129-25986C510836}.AppStore|Any CPU.Build.0 = Release|Any CPU
		{EDD94363-62C2-4BB7-9129-25986C510836}.AppStore|iPhone.ActiveCfg = Release|Any CPU
		{EDD94363-62C2-4BB7-9129-25986C510836}.AppStore|iPhone.Build.0 = Release|Any CPU
		{EDD94363-62C2-4BB7-9129-25986C510836}.AppStore|iPhoneSimulator.ActiveCfg = Release|Any CPU
		{EDD94363-62C2-4BB7-9129-25986C510836}.AppStore|iPhoneSimulator.Build.0 = Release|Any CPU
		{EDD94363-62C2-4BB7-9129-25986C510836}.Debug|Any CPU.ActiveCfg = Debug|Any CPU
		{EDD94363-62C2-4BB7-9129-25986C510836}.Debug|Any CPU.Build.0 = Debug|Any CPU
		{EDD94363-62C2-4BB7-9129-25986C510836}.Debug|iPhone.ActiveCfg = Debug|Any CPU
		{EDD94363-62C2-4BB7-9129-25986C510836}.Debug|iPhone.Build.0 = Debug|Any CPU
		{EDD94363-62C2-4BB7-9129-25986C510836}.Debug|iPhoneSimulator.ActiveCfg = Debug|Any CPU
		{EDD94363-62C2-4BB7-9129-25986C510836}.Debug|iPhoneSimulator.Build.0 = Debug|Any CPU
		{EDD94363-62C2-4BB7-9129-25986C510836}.Release|Any CPU.ActiveCfg = Release|Any CPU
		{EDD94363-62C2-4BB7-9129-25986C510836}.Release|Any CPU.Build.0 = Release|Any CPU
		{EDD94363-62C2-4BB7-9129-25986C510836}.Release|iPhone.ActiveCfg = Release|Any CPU
		{EDD94363-62C2-4BB7-9129-25986C510836}.Release|iPhone.Build.0 = Release|Any CPU
		{EDD94363-62C2-4BB7-9129-25986C510836}.Release|iPhoneSimulator.ActiveCfg = Release|Any CPU
		{EDD94363-62C2-4BB7-9129-25986C510836}.Release|iPhoneSimulator.Build.0 = Release|Any CPU
		{C017DB5F-3426-4903-8E65-632548333270}.Ad-Hoc|Any CPU.ActiveCfg = Release|Any CPU
		{C017DB5F-3426-4903-8E65-632548333270}.Ad-Hoc|Any CPU.Build.0 = Release|Any CPU
		{C017DB5F-3426-4903-8E65-632548333270}.Ad-Hoc|iPhone.ActiveCfg = Release|Any CPU
		{C017DB5F-3426-4903-8E65-632548333270}.Ad-Hoc|iPhone.Build.0 = Release|Any CPU
		{C017DB5F-3426-4903-8E65-632548333270}.Ad-Hoc|iPhoneSimulator.ActiveCfg = Release|Any CPU
		{C017DB5F-3426-4903-8E65-632548333270}.Ad-Hoc|iPhoneSimulator.Build.0 = Release|Any CPU
		{C017DB5F-3426-4903-8E65-632548333270}.AppStore|Any CPU.ActiveCfg = Release|Any CPU
		{C017DB5F-3426-4903-8E65-632548333270}.AppStore|Any CPU.Build.0 = Release|Any CPU
		{C017DB5F-3426-4903-8E65-632548333270}.AppStore|iPhone.ActiveCfg = Release|Any CPU
		{C017DB5F-3426-4903-8E65-632548333270}.AppStore|iPhone.Build.0 = Release|Any CPU
		{C017DB5F-3426-4903-8E65-632548333270}.AppStore|iPhoneSimulator.ActiveCfg = Release|Any CPU
		{C017DB5F-3426-4903-8E65-632548333270}.AppStore|iPhoneSimulator.Build.0 = Release|Any CPU
		{C017DB5F-3426-4903-8E65-632548333270}.Debug|Any CPU.ActiveCfg = Debug|Any CPU
		{C017DB5F-3426-4903-8E65-632548333270}.Debug|Any CPU.Build.0 = Debug|Any CPU
		{C017DB5F-3426-4903-8E65-632548333270}.Debug|iPhone.ActiveCfg = Debug|Any CPU
		{C017DB5F-3426-4903-8E65-632548333270}.Debug|iPhone.Build.0 = Debug|Any CPU
		{C017DB5F-3426-4903-8E65-632548333270}.Debug|iPhoneSimulator.ActiveCfg = Debug|Any CPU
		{C017DB5F-3426-4903-8E65-632548333270}.Debug|iPhoneSimulator.Build.0 = Debug|Any CPU
		{C017DB5F-3426-4903-8E65-632548333270}.Release|Any CPU.ActiveCfg = Release|Any CPU
		{C017DB5F-3426-4903-8E65-632548333270}.Release|Any CPU.Build.0 = Release|Any CPU
		{C017DB5F-3426-4903-8E65-632548333270}.Release|iPhone.ActiveCfg = Release|Any CPU
		{C017DB5F-3426-4903-8E65-632548333270}.Release|iPhone.Build.0 = Release|Any CPU
		{C017DB5F-3426-4903-8E65-632548333270}.Release|iPhoneSimulator.ActiveCfg = Release|Any CPU
		{C017DB5F-3426-4903-8E65-632548333270}.Release|iPhoneSimulator.Build.0 = Release|Any CPU
		{19E1DB85-6680-4BA8-98AA-3A1E6EA6BEDF}.Ad-Hoc|Any CPU.ActiveCfg = Release|Any CPU
		{19E1DB85-6680-4BA8-98AA-3A1E6EA6BEDF}.Ad-Hoc|Any CPU.Build.0 = Release|Any CPU
		{19E1DB85-6680-4BA8-98AA-3A1E6EA6BEDF}.Ad-Hoc|iPhone.ActiveCfg = Release|Any CPU
		{19E1DB85-6680-4BA8-98AA-3A1E6EA6BEDF}.Ad-Hoc|iPhone.Build.0 = Release|Any CPU
		{19E1DB85-6680-4BA8-98AA-3A1E6EA6BEDF}.Ad-Hoc|iPhoneSimulator.ActiveCfg = Release|Any CPU
		{19E1DB85-6680-4BA8-98AA-3A1E6EA6BEDF}.Ad-Hoc|iPhoneSimulator.Build.0 = Release|Any CPU
		{19E1DB85-6680-4BA8-98AA-3A1E6EA6BEDF}.AppStore|Any CPU.ActiveCfg = Release|Any CPU
		{19E1DB85-6680-4BA8-98AA-3A1E6EA6BEDF}.AppStore|Any CPU.Build.0 = Release|Any CPU
		{19E1DB85-6680-4BA8-98AA-3A1E6EA6BEDF}.AppStore|iPhone.ActiveCfg = Release|Any CPU
		{19E1DB85-6680-4BA8-98AA-3A1E6EA6BEDF}.AppStore|iPhone.Build.0 = Release|Any CPU
		{19E1DB85-6680-4BA8-98AA-3A1E6EA6BEDF}.AppStore|iPhoneSimulator.ActiveCfg = Release|Any CPU
		{19E1DB85-6680-4BA8-98AA-3A1E6EA6BEDF}.AppStore|iPhoneSimulator.Build.0 = Release|Any CPU
		{19E1DB85-6680-4BA8-98AA-3A1E6EA6BEDF}.Debug|Any CPU.ActiveCfg = Debug|Any CPU
		{19E1DB85-6680-4BA8-98AA-3A1E6EA6BEDF}.Debug|Any CPU.Build.0 = Debug|Any CPU
		{19E1DB85-6680-4BA8-98AA-3A1E6EA6BEDF}.Debug|iPhone.ActiveCfg = Debug|Any CPU
		{19E1DB85-6680-4BA8-98AA-3A1E6EA6BEDF}.Debug|iPhone.Build.0 = Debug|Any CPU
		{19E1DB85-6680-4BA8-98AA-3A1E6EA6BEDF}.Debug|iPhoneSimulator.ActiveCfg = Debug|Any CPU
		{19E1DB85-6680-4BA8-98AA-3A1E6EA6BEDF}.Debug|iPhoneSimulator.Build.0 = Debug|Any CPU
		{19E1DB85-6680-4BA8-98AA-3A1E6EA6BEDF}.Release|Any CPU.ActiveCfg = Release|Any CPU
		{19E1DB85-6680-4BA8-98AA-3A1E6EA6BEDF}.Release|Any CPU.Build.0 = Release|Any CPU
		{19E1DB85-6680-4BA8-98AA-3A1E6EA6BEDF}.Release|iPhone.ActiveCfg = Release|Any CPU
		{19E1DB85-6680-4BA8-98AA-3A1E6EA6BEDF}.Release|iPhone.Build.0 = Release|Any CPU
		{19E1DB85-6680-4BA8-98AA-3A1E6EA6BEDF}.Release|iPhoneSimulator.ActiveCfg = Release|Any CPU
		{19E1DB85-6680-4BA8-98AA-3A1E6EA6BEDF}.Release|iPhoneSimulator.Build.0 = Release|Any CPU
		{59FADC39-4DBC-45C2-A1E3-94355A5266A0}.Ad-Hoc|Any CPU.ActiveCfg = Release|Any CPU
		{59FADC39-4DBC-45C2-A1E3-94355A5266A0}.Ad-Hoc|Any CPU.Build.0 = Release|Any CPU
		{59FADC39-4DBC-45C2-A1E3-94355A5266A0}.Ad-Hoc|iPhone.ActiveCfg = Release|Any CPU
		{59FADC39-4DBC-45C2-A1E3-94355A5266A0}.Ad-Hoc|iPhone.Build.0 = Release|Any CPU
		{59FADC39-4DBC-45C2-A1E3-94355A5266A0}.Ad-Hoc|iPhoneSimulator.ActiveCfg = Release|Any CPU
		{59FADC39-4DBC-45C2-A1E3-94355A5266A0}.Ad-Hoc|iPhoneSimulator.Build.0 = Release|Any CPU
		{59FADC39-4DBC-45C2-A1E3-94355A5266A0}.AppStore|Any CPU.ActiveCfg = Release|Any CPU
		{59FADC39-4DBC-45C2-A1E3-94355A5266A0}.AppStore|Any CPU.Build.0 = Release|Any CPU
		{59FADC39-4DBC-45C2-A1E3-94355A5266A0}.AppStore|iPhone.ActiveCfg = Release|Any CPU
		{59FADC39-4DBC-45C2-A1E3-94355A5266A0}.AppStore|iPhone.Build.0 = Release|Any CPU
		{59FADC39-4DBC-45C2-A1E3-94355A5266A0}.AppStore|iPhoneSimulator.ActiveCfg = Release|Any CPU
		{59FADC39-4DBC-45C2-A1E3-94355A5266A0}.AppStore|iPhoneSimulator.Build.0 = Release|Any CPU
		{59FADC39-4DBC-45C2-A1E3-94355A5266A0}.Debug|Any CPU.ActiveCfg = Debug|Any CPU
		{59FADC39-4DBC-45C2-A1E3-94355A5266A0}.Debug|Any CPU.Build.0 = Debug|Any CPU
		{59FADC39-4DBC-45C2-A1E3-94355A5266A0}.Debug|iPhone.ActiveCfg = Debug|Any CPU
		{59FADC39-4DBC-45C2-A1E3-94355A5266A0}.Debug|iPhone.Build.0 = Debug|Any CPU
		{59FADC39-4DBC-45C2-A1E3-94355A5266A0}.Debug|iPhoneSimulator.ActiveCfg = Debug|Any CPU
		{59FADC39-4DBC-45C2-A1E3-94355A5266A0}.Debug|iPhoneSimulator.Build.0 = Debug|Any CPU
		{59FADC39-4DBC-45C2-A1E3-94355A5266A0}.Release|Any CPU.ActiveCfg = Release|Any CPU
		{59FADC39-4DBC-45C2-A1E3-94355A5266A0}.Release|Any CPU.Build.0 = Release|Any CPU
		{59FADC39-4DBC-45C2-A1E3-94355A5266A0}.Release|iPhone.ActiveCfg = Release|Any CPU
		{59FADC39-4DBC-45C2-A1E3-94355A5266A0}.Release|iPhone.Build.0 = Release|Any CPU
		{59FADC39-4DBC-45C2-A1E3-94355A5266A0}.Release|iPhoneSimulator.ActiveCfg = Release|Any CPU
		{59FADC39-4DBC-45C2-A1E3-94355A5266A0}.Release|iPhoneSimulator.Build.0 = Release|Any CPU
	EndGlobalSection
	GlobalSection(SolutionProperties) = preSolution
		HideSolutionNode = FALSE
	EndGlobalSection
EndGlobal
